{
  "name": "ux-writing-plugin",
  "version": "1.0.0",
  "lockfileVersion": 3,
  "requires": true,
  "packages": {
    "": {
      "name": "ux-writing-plugin",
      "version": "1.0.0",
      "devDependencies": {
        "@figma/plugin-typings": "^1.119.0"
      }
    },
    "node_modules/@figma/plugin-typings": {
      "version": "1.119.0",
      "resolved": "https://registry.npmjs.org/@figma/plugin-typings/-/plugin-typings-1.119.0.tgz",
      "integrity": "sha512-DxNa0LwOBublet2iXa30Bt8zUmHXDnLrSiJOSHfL8KjyxpZv15GHgV5TIenvGI84QbQTKmXwOMAwmX/QDeDNWw==",
      "dev": true,
      "license": "MIT License"
    }
  }
}
